<Solution>
  <Project Path="BenchmarkSuite1/BenchmarkSuite1.csproj" />
  <Project Path="ConsoleApp/ConsoleApp.csproj" />
  <Project Path="ConsoleApp_Debug/ConsoleApp_Debug.csproj" Id="6669c46e-a143-440c-bf9d-ef62642a156d" />
  <Project Path="ConsoleApp_Profiler/ConsoleApp_Profiler.csproj" Id="ead1ce54-2ffd-4e59-96a7-b28b38fcd3e1" />
  <Project Path="Hangman.UnitTests/Hangman.UnitTests.csproj" Id="73da0403-0469-4c88-bf19-cf7791dd2e62" />
  <Project Path="Hangman/Hangman.csproj" />
  <Project Path="Models/Models.csproj" />
  <Project Path="WebApp/WebApp.csproj" Id="bc153155-d750-4ada-b4d5-d60d3f5fe00f" />
</Solution>
